
Microsoft Visual Studio Solution File, Format Version 12.00
# Visual Studio Version 16
VisualStudioVersion = 16.0.30225.117
MinimumVisualStudioVersion = 10.0.40219.1
Project("{FAE04EC0-301F-11D3-BF4B-00C04F79EFBC}") = "Ants", "Ants\Ants.csproj", "{A398E3F4-F95B-4105-B2BB-1D37D265DADE}"
EndProject
Global
	GlobalSection(SolutionConfigurationPlatforms) = preSolution
		Debug|Any CPU = Debug|Any CPU
		Release|Any CPU = Release|Any CPU
	EndGlobalSection
	GlobalSection(ProjectConfigurationPlatforms) = postSolution
		{A398E3F4-F95B-4105-B2BB-1D37D265DADE}.Debug|Any CPU.ActiveCfg = Debug|Any CPU
		{A398E3F4-F95B-4105-B2BB-1D37D265DADE}.Debug|Any CPU.Build.0 = Debug|Any CPU
		{A398E3F4-F95B-4105-B2BB-1D37D265DADE}.Release|Any CPU.ActiveCfg = Release|Any CPU
		{A398E3F4-F95B-4105-B2BB-1D37D265DADE}.Release|Any CPU.Build.0 = Release|Any CPU
	EndGlobalSection
	GlobalSection(SolutionProperties) = preSolution
		HideSolutionNode = FALSE
	EndGlobalSection
	GlobalSection(ExtensibilityGlobals) = postSolution
		SolutionGuid = {583AAECD-B180-4D73-A149-76296713A35C}
	EndGlobalSection
EndGlobal
